
Microsoft Visual Studio Solution File, Format Version 12.00
# Visual Studio 14
VisualStudioVersion = 14.0.25420.1
MinimumVisualStudioVersion = 10.0.40219.1
Project("{FAE04EC0-301F-11D3-BF4B-00C04F79EFBC}") = "AutoShop", "AutoShop.csproj", "{35130008-5115-4C7F-BC66-DE938220D233}"
EndProject
Project("{FAE04EC0-301F-11D3-BF4B-00C04F79EFBC}") = "AutoShopGUI", "..\AutoShopGUI\AutoShopGUI.csproj", "{119D15C8-90A4-4B3B-A9C4-E866730094B3}"
EndProject
Global
	GlobalSection(SolutionConfigurationPlatforms) = preSolution
		Debug|Any CPU = Debug|Any CPU
		Release|Any CPU = Release|Any CPU
	EndGlobalSection
	GlobalSection(ProjectConfigurationPlatforms) = postSolution
		{35130008-5115-4C7F-BC66-DE938220D233}.Debug|Any CPU.ActiveCfg = Debug|Any CPU
		{35130008-5115-4C7F-BC66-DE938220D233}.Debug|Any CPU.Build.0 = Debug|Any CPU
		{35130008-5115-4C7F-BC66-DE938220D233}.Release|Any CPU.ActiveCfg = Release|Any CPU
		{35130008-5115-4C7F-BC66-DE938220D233}.Release|Any CPU.Build.0 = Release|Any CPU
		{119D15C8-90A4-4B3B-A9C4-E866730094B3}.Debug|Any CPU.ActiveCfg = Debug|Any CPU
		{119D15C8-90A4-4B3B-A9C4-E866730094B3}.Debug|Any CPU.Build.0 = Debug|Any CPU
		{119D15C8-90A4-4B3B-A9C4-E866730094B3}.Release|Any CPU.ActiveCfg = Release|Any CPU
		{119D15C8-90A4-4B3B-A9C4-E866730094B3}.Release|Any CPU.Build.0 = Release|Any CPU
	EndGlobalSection
	GlobalSection(SolutionProperties) = preSolution
		HideSolutionNode = FALSE
	EndGlobalSection
EndGlobal
